# This file was autogenerated by uv via the following command:
#    uv pip compile --python C:\Users\seoje\.cache\codex-runtimes\codex-primary-runtime\dependencies\python\python.exe --extra test --extra research --strip-extras pyproject.toml --output-file requirements-dev.lock
build==1.5.0
    # via toss-trading (pyproject.toml)
certifi==2026.6.17
    # via requests
cffi==2.1.0
    # via cryptography
charset-normalizer==3.4.9
    # via requests
colorama==0.4.6
    # via
    #   build
    #   pytest
cryptography==49.0.0
    # via google-auth
duckdb==1.5.5
    # via toss-trading (pyproject.toml)
google-api-core==2.32.0
    # via google-cloud-secret-manager
google-auth==2.56.0
    # via
    #   google-api-core
    #   google-cloud-secret-manager
google-cloud-secret-manager==2.30.0
    # via toss-trading (pyproject.toml)
googleapis-common-protos==1.75.0
    # via
    #   google-api-core
    #   grpc-google-iam-v1
    #   grpcio-status
grpc-google-iam-v1==0.14.4
    # via google-cloud-secret-manager
grpcio==1.82.1
    # via
    #   google-api-core
    #   google-cloud-secret-manager
    #   googleapis-common-protos
    #   grpc-google-iam-v1
    #   grpcio-status
grpcio-status==1.82.1
    # via google-api-core
idna==3.18
    # via requests
iniconfig==2.3.0
    # via pytest
packaging==26.2
    # via
    #   build
    #   pytest
pluggy==1.6.0
    # via pytest
proto-plus==1.28.1
    # via
    #   google-api-core
    #   google-cloud-secret-manager
protobuf==7.35.1
    # via
    #   google-api-core
    #   google-cloud-secret-manager
    #   googleapis-common-protos
    #   grpc-google-iam-v1
    #   grpcio-status
    #   proto-plus
pyasn1==0.6.4
    # via pyasn1-modules
pyasn1-modules==0.4.2
    # via google-auth
pycparser==3.0
    # via cffi
pygments==2.20.0
    # via pytest
pyproject-hooks==1.2.0
    # via build
pytest==8.4.2
    # via toss-trading (pyproject.toml)
pyyaml==6.0.3
    # via toss-trading (pyproject.toml)
requests==2.34.2
    # via google-api-core
setuptools==80.10.2
    # via toss-trading (pyproject.toml)
shellcheck-py==0.10.0.1
    # via toss-trading (pyproject.toml)
typing-extensions==4.16.0
    # via grpcio
tzdata==2026.3 ; sys_platform == "win32"
    # via toss-trading (pyproject.toml)
urllib3==2.7.0
    # via requests
